{
  "nodes": {
    "nixpkgs": {
      "locked": {
        "lastModified": 1740367490,
        "narHash": "sha256-WGaHVAjcrv+Cun7zPlI41SerRtfknGQap281+AakSAw=",
        "owner": "nixos",
        "repo": "nixpkgs",
        "rev": "0196c0175e9191c474c26ab5548db27ef5d34b05",
        "type": "github"
      },
      "original": {
        "owner": "nixos",
        "ref": "nixos-unstable",
        "repo": "nixpkgs",
        "type": "github"
      }
    },
    "nixpkgs-honggfuzz": {
      "locked": {
        "lastModified": 1742150235,
        "narHash": "sha256-lq6xKxzb2gbCtKnMKBj0hzR4VZU8Mo3caHgZWQ5ydBI=",
        "owner": "fqidz",
        "repo": "nixpkgs",
        "rev": "61bf49c70189d4bcee2a1092325d568896966091",
        "type": "github"
      },
      "original": {
        "owner": "fqidz",
        "ref": "honggfuzz",
        "repo": "nixpkgs",
        "type": "github"
      }
    },
    "root": {
      "inputs": {
        "nixpkgs": "nixpkgs",
        "nixpkgs-honggfuzz": "nixpkgs-honggfuzz"
      }
    }
  },
  "root": "root",
  "version": 7
}
